
Microsoft Visual Studio Solution File, Format Version 12.00
# Visual Studio 15
VisualStudioVersion = 15.0.26730.10
MinimumVisualStudioVersion = 10.0.40219.1
Project("{FAE04EC0-301F-11D3-BF4B-00C04F79EFBC}") = "ConsoleArcade", "ConsoleArcade\ConsoleArcade.csproj", "{EE328196-7B51-4501-BD22-A4C27B7639AB}"
EndProject
Global
	GlobalSection(SolutionConfigurationPlatforms) = preSolution
		Debug|Any CPU = Debug|Any CPU
		Release|Any CPU = Release|Any CPU
	EndGlobalSection
	GlobalSection(ProjectConfigurationPlatforms) = postSolution
		{EE328196-7B51-4501-BD22-A4C27B7639AB}.Debug|Any CPU.ActiveCfg = Debug|Any CPU
		{EE328196-7B51-4501-BD22-A4C27B7639AB}.Debug|Any CPU.Build.0 = Debug|Any CPU
		{EE328196-7B51-4501-BD22-A4C27B7639AB}.Release|Any CPU.ActiveCfg = Release|Any CPU
		{EE328196-7B51-4501-BD22-A4C27B7639AB}.Release|Any CPU.Build.0 = Release|Any CPU
	EndGlobalSection
	GlobalSection(SolutionProperties) = preSolution
		HideSolutionNode = FALSE
	EndGlobalSection
	GlobalSection(ExtensibilityGlobals) = postSolution
		SolutionGuid = {2A292510-EF98-42B5-9D40-07689AC4F3A5}
	EndGlobalSection
EndGlobal
